
Microsoft Visual Studio Solution File, Format Version 12.00
# Visual Studio Version 17
VisualStudioVersion = 17.0.32126.317
MinimumVisualStudioVersion = 10.0.40219.1
Project("{FAE04EC0-301F-11D3-BF4B-00C04F79EFBC}") = "lbb4", "lbb4\lbb4.csproj", "{86206C5F-8FB6-436D-9A2D-D5CDA53616AF}"
EndProject
Global
	GlobalSection(SolutionConfigurationPlatforms) = preSolution
		Debug|Any CPU = Debug|Any CPU
		Release|Any CPU = Release|Any CPU
	EndGlobalSection
	GlobalSection(ProjectConfigurationPlatforms) = postSolution
		{86206C5F-8FB6-436D-9A2D-D5CDA53616AF}.Debug|Any CPU.ActiveCfg = Debug|Any CPU
		{86206C5F-8FB6-436D-9A2D-D5CDA53616AF}.Debug|Any CPU.Build.0 = Debug|Any CPU
		{86206C5F-8FB6-436D-9A2D-D5CDA53616AF}.Release|Any CPU.ActiveCfg = Release|Any CPU
		{86206C5F-8FB6-436D-9A2D-D5CDA53616AF}.Release|Any CPU.Build.0 = Release|Any CPU
	EndGlobalSection
	GlobalSection(SolutionProperties) = preSolution
		HideSolutionNode = FALSE
	EndGlobalSection
	GlobalSection(ExtensibilityGlobals) = postSolution
		SolutionGuid = {2DA99ADE-0EC2-4E1D-B3BC-A46BFFEF50A3}
	EndGlobalSection
EndGlobal
